
Microsoft Visual Studio Solution File, Format Version 12.00
# Visual Studio Version 17
VisualStudioVersion = 17.8.34525.116
MinimumVisualStudioVersion = 10.0.40219.1
Project("{FAE04EC0-301F-11D3-BF4B-00C04F79EFBC}") = "GroceryChefClient.UI", "GroceryChefClient.UI\GroceryChefClient.UI.csproj", "{6F591E96-FDC5-402B-935E-36402A37E4AA}"
EndProject
Global
	GlobalSection(SolutionConfigurationPlatforms) = preSolution
		Debug|Any CPU = Debug|Any CPU
		Release|Any CPU = Release|Any CPU
	EndGlobalSection
	GlobalSection(ProjectConfigurationPlatforms) = postSolution
		{6F591E96-FDC5-402B-935E-36402A37E4AA}.Debug|Any CPU.ActiveCfg = Debug|Any CPU
		{6F591E96-FDC5-402B-935E-36402A37E4AA}.Debug|Any CPU.Build.0 = Debug|Any CPU
		{6F591E96-FDC5-402B-935E-36402A37E4AA}.Release|Any CPU.ActiveCfg = Release|Any CPU
		{6F591E96-FDC5-402B-935E-36402A37E4AA}.Release|Any CPU.Build.0 = Release|Any CPU
	EndGlobalSection
	GlobalSection(SolutionProperties) = preSolution
		HideSolutionNode = FALSE
	EndGlobalSection
	GlobalSection(ExtensibilityGlobals) = postSolution
		SolutionGuid = {30797E57-FF4E-433F-8624-6BBA33DF3913}
	EndGlobalSection
EndGlobal
